PODS:
  - Cluster (3.0.3)
  - MMLanScan (3.0.0)

DEPENDENCIES:
  - Cluster
  - MMLanScan (~> 3.0)

SPEC REPOS:
  trunk:
    - Cluster
    - MMLanScan

SPEC CHECKSUMS:
  Cluster: d72510594f60d901905953aafdc811d1888177ae
  MMLanScan: 86a0f77edbf163be30c1f58321469c7c8ce4c50e

PODFILE CHECKSUM: d5b206972397fce387d1b7ab6706545cfe81cd12

COCOAPODS: 1.9.3
