// !$*UTF8*$!
{
	archiveVersion = 1;
	classes = {
	};
	objectVersion = 51;
	objects = {

/* Begin PBXBuildFile section */
		B9EDE373CE9E1210F05A311D /* Pods_Crowds.framework in Frameworks */ = {isa = PBXBuildFile; fileRef = 78D89D204B6AE59F4F6298E7 /* Pods_Crowds.framework */; };
		D7B573BB25BCC961001B0F5A /* AppDelegate.swift in Sources */ = {isa = PBXBuildFile; fileRef = D7B573BA25BCC961001B0F5A /* AppDelegate.swift */; };
		D7B573BD25BCC961001B0F5A /* SceneDelegate.swift in Sources */ = {isa = PBXBuildFile; fileRef = D7B573BC25BCC961001B0F5A /* SceneDelegate.swift */; };
		D7B573BF25BCC961001B0F5A /* ViewController.swift in Sources */ = {isa = PBXBuildFile; fileRef = D7B573BE25BCC961001B0F5A /* ViewController.swift */; };
		D7B573C225BCC961001B0F5A /* Main.storyboard in Resources */ = {isa = PBXBuildFile; fileRef = D7B573C025BCC961001B0F5A /* Main.storyboard */; };
		D7B573C425BCC963001B0F5A /* Assets.xcassets in Resources */ = {isa = PBXBuildFile; fileRef = D7B573C325BCC963001B0F5A /* Assets.xcassets */; };
		D7B573C725BCC963001B0F5A /* LaunchScreen.storyboard in Resources */ = {isa = PBXBuildFile; fileRef = D7B573C525BCC963001B0F5A /* LaunchScreen.storyboard */; };
		D7B573D525BCCC11001B0F5A /* MyDeviceViewController.swift in Sources */ = {isa = PBXBuildFile; fileRef = D7B573D425BCCC11001B0F5A /* MyDeviceViewController.swift */; };
		D7B573D825BCCC29001B0F5A /* MapViewController.swift in Sources */ = {isa = PBXBuildFile; fileRef = D7B573D725BCCC29001B0F5A /* MapViewController.swift */; };
/* End PBXBuildFile section */

/* Begin PBXFileReference section */
		3F2FD665C2921B78366F8ABD /* Pods-Crowds.debug.xcconfig */ = {isa = PBXFileReference; includeInIndex = 1; lastKnownFileType = text.xcconfig; name = "Pods-Crowds.debug.xcconfig"; path = "Target Support Files/Pods-Crowds/Pods-Crowds.debug.xcconfig"; sourceTree = "<group>"; };
		78D89D204B6AE59F4F6298E7 /* Pods_Crowds.framework */ = {isa = PBXFileReference; explicitFileType = wrapper.framework; includeInIndex = 0; path = Pods_Crowds.framework; sourceTree = BUILT_PRODUCTS_DIR; };
		D7B573B725BCC961001B0F5A /* Crowds.app */ = {isa = PBXFileReference; explicitFileType = wrapper.application; includeInIndex = 0; path = Crowds.app; sourceTree = BUILT_PRODUCTS_DIR; };
		D7B573BA25BCC961001B0F5A /* AppDelegate.swift */ = {isa = PBXFileReference; lastKnownFileType = sourcecode.swift; path = AppDelegate.swift; sourceTree = "<group>"; };
		D7B573BC25BCC961001B0F5A /* SceneDelegate.swift */ = {isa = PBXFileReference; lastKnownFileType = sourcecode.swift; path = SceneDelegate.swift; sourceTree = "<group>"; };
		D7B573BE25BCC961001B0F5A /* ViewController.swift */ = {isa = PBXFileReference; lastKnownFileType = sourcecode.swift; path = ViewController.swift; sourceTree = "<group>"; };
		D7B573C125BCC961001B0F5A /* Base */ = {isa = PBXFileReference; lastKnownFileType = file.storyboard; name = Base; path = Base.lproj/Main.storyboard; sourceTree = "<group>"; };
		D7B573C325BCC963001B0F5A /* Assets.xcassets */ = {isa = PBXFileReference; lastKnownFileType = folder.assetcatalog; path = Assets.xcassets; sourceTree = "<group>"; };
		D7B573C625BCC963001B0F5A /* Base */ = {isa = PBXFileReference; lastKnownFileType = file.storyboard; name = Base; path = Base.lproj/LaunchScreen.storyboard; sourceTree = "<group>"; };
		D7B573C825BCC963001B0F5A /* Info.plist */ = {isa = PBXFileReference; lastKnownFileType = text.plist.xml; path = Info.plist; sourceTree = "<group>"; };
		D7B573D425BCCC11001B0F5A /* MyDeviceViewController.swift */ = {isa = PBXFileReference; lastKnownFileType = sourcecode.swift; path = MyDeviceViewController.swift; sourceTree = "<group>"; };
		D7B573D725BCCC29001B0F5A /* MapViewController.swift */ = {isa = PBXFileReference; lastKnownFileType = sourcecode.swift; path = MapViewController.swift; sourceTree = "<group>"; };
		F1AEC68E94F46730C1496716 /* Pods-Crowds.release.xcconfig */ = {isa = PBXFileReference; includeInIndex = 1; lastKnownFileType = text.xcconfig; name = "Pods-Crowds.release.xcconfig"; path = "Target Support Files/Pods-Crowds/Pods-Crowds.release.xcconfig"; sourceTree = "<group>"; };
/* End PBXFileReference section */

/* Begin PBXFrameworksBuildPhase section */
		D7B573B425BCC961001B0F5A /* Frameworks */ = {
			isa = PBXFrameworksBuildPhase;
			buildActionMask = 2147483647;
			files = (
				B9EDE373CE9E1210F05A311D /* Pods_Crowds.framework in Frameworks */,
			);
			runOnlyForDeploymentPostprocessing = 0;
		};
/* End PBXFrameworksBuildPhase section */

/* Begin PBXGroup section */
		1905ADC04FEEFCB45903D4C2 /* Pods */ = {
			isa = PBXGroup;
			children = (
				3F2FD665C2921B78366F8ABD /* Pods-Crowds.debug.xcconfig */,
				F1AEC68E94F46730C1496716 /* Pods-Crowds.release.xcconfig */,
			);
			path = Pods;
			sourceTree = "<group>";
		};
		D7B573AE25BCC961001B0F5A = {
			isa = PBXGroup;
			children = (
				D7B573B925BCC961001B0F5A /* Crowds */,
				D7B573B825BCC961001B0F5A /* Products */,
				1905ADC04FEEFCB45903D4C2 /* Pods */,
				EB8C3D647BF8C722501BBFFD /* Frameworks */,
			);
			sourceTree = "<group>";
			wrapsLines = 0;
		};
		D7B573B825BCC961001B0F5A /* Products */ = {
			isa = PBXGroup;
			children = (
				D7B573B725BCC961001B0F5A /* Crowds.app */,
			);
			name = Products;
			sourceTree = "<group>";
		};
		D7B573B925BCC961001B0F5A /* Crowds */ = {
			isa = PBXGroup;
			children = (
				D7B573BA25BCC961001B0F5A /* AppDelegate.swift */,
				D7B573BC25BCC961001B0F5A /* SceneDelegate.swift */,
				D7B573BE25BCC961001B0F5A /* ViewController.swift */,
				D7B573C025BCC961001B0F5A /* Main.storyboard */,
				D7B573C325BCC963001B0F5A /* Assets.xcassets */,
				D7B573C525BCC963001B0F5A /* LaunchScreen.storyboard */,
				D7B573D425BCCC11001B0F5A /* MyDeviceViewController.swift */,
				D7B573D725BCCC29001B0F5A /* MapViewController.swift */,
				D7B573C825BCC963001B0F5A /* Info.plist */,
			);
			path = Crowds;
			sourceTree = "<group>";
		};
		EB8C3D647BF8C722501BBFFD /* Frameworks */ = {
			isa = PBXGroup;
			children = (
				78D89D204B6AE59F4F6298E7 /* Pods_Crowds.framework */,
			);
			name = Frameworks;
			sourceTree = "<group>";
		};
/* End PBXGroup section */

/* Begin PBXNativeTarget section */
		D7B573B625BCC961001B0F5A /* Crowds */ = {
			isa = PBXNativeTarget;
			buildConfigurationList = D7B573CB25BCC963001B0F5A /* Build configuration list for PBXNativeTarget "Crowds" */;
			buildPhases = (
				9BF8C5B51DD229ACA814FFCE /* [CP] Check Pods Manifest.lock */,
				D7B573B325BCC961001B0F5A /* Sources */,
				D7B573B425BCC961001B0F5A /* Frameworks */,
				D7B573B525BCC961001B0F5A /* Resources */,
				D2D4A3BB2FB3C1086B4032E6 /* [CP] Embed Pods Frameworks */,
			);
			buildRules = (
			);
			dependencies = (
			);
			name = Crowds;
			productName = Crowds;
			productReference = D7B573B725BCC961001B0F5A /* Crowds.app */;
			productType = "com.apple.product-type.application";
		};
/* End PBXNativeTarget section */

/* Begin PBXProject section */
		D7B573AF25BCC961001B0F5A /* Project object */ = {
			isa = PBXProject;
			attributes = {
				LastSwiftUpdateCheck = 1230;
				LastUpgradeCheck = 1230;
				TargetAttributes = {
					D7B573B625BCC961001B0F5A = {
						CreatedOnToolsVersion = 12.3;
					};
				};
			};
			buildConfigurationList = D7B573B225BCC961001B0F5A /* Build configuration list for PBXProject "Crowds" */;
			compatibilityVersion = "Xcode 9.3";
			developmentRegion = en;
			hasScannedForEncodings = 0;
			knownRegions = (
				en,
				Base,
			);
			mainGroup = D7B573AE25BCC961001B0F5A;
			productRefGroup = D7B573B825BCC961001B0F5A /* Products */;
			projectDirPath = "";
			projectRoot = "";
			targets = (
				D7B573B625BCC961001B0F5A /* Crowds */,
			);
		};
/* End PBXProject section */

/* Begin PBXResourcesBuildPhase section */
		D7B573B525BCC961001B0F5A /* Resources */ = {
			isa = PBXResourcesBuildPhase;
			buildActionMask = 2147483647;
			files = (
				D7B573C725BCC963001B0F5A /* LaunchScreen.storyboard in Resources */,
				D7B573C425BCC963001B0F5A /* Assets.xcassets in Resources */,
				D7B573C225BCC961001B0F5A /* Main.storyboard in Resources */,
			);
			runOnlyForDeploymentPostprocessing = 0;
		};
/* End PBXResourcesBuildPhase section */

/* Begin PBXShellScriptBuildPhase section */
		9BF8C5B51DD229ACA814FFCE /* [CP] Check Pods Manifest.lock */ = {
			isa = PBXShellScriptBuildPhase;
			buildActionMask = 2147483647;
			files = (
			);
			inputFileListPaths = (
			);
			inputPaths = (
				"${PODS_PODFILE_DIR_PATH}/Podfile.lock",
				"${PODS_ROOT}/Manifest.lock",
			);
			name = "[CP] Check Pods Manifest.lock";
			outputFileListPaths = (
			);
			outputPaths = (
				"$(DERIVED_FILE_DIR)/Pods-Crowds-checkManifestLockResult.txt",
			);
			runOnlyForDeploymentPostprocessing = 0;
			shellPath = /bin/sh;
			shellScript = "diff \"${PODS_PODFILE_DIR_PATH}/Podfile.lock\" \"${PODS_ROOT}/Manifest.lock\" > /dev/null\nif [ $? != 0 ] ; then\n    # print error to STDERR\n    echo \"error: The sandbox is not in sync with the Podfile.lock. Run 'pod install' or update your CocoaPods installation.\" >&2\n    exit 1\nfi\n# This output is used by Xcode 'outputs' to avoid re-running this script phase.\necho \"SUCCESS\" > \"${SCRIPT_OUTPUT_FILE_0}\"\n";
			showEnvVarsInLog = 0;
		};
		D2D4A3BB2FB3C1086B4032E6 /* [CP] Embed Pods Frameworks */ = {
			isa = PBXShellScriptBuildPhase;
			buildActionMask = 2147483647;
			files = (
			);
			inputFileListPaths = (
				"${PODS_ROOT}/Target Support Files/Pods-Crowds/Pods-Crowds-frameworks-${CONFIGURATION}-input-files.xcfilelist",
			);
			name = "[CP] Embed Pods Frameworks";
			outputFileListPaths = (
				"${PODS_ROOT}/Target Support Files/Pods-Crowds/Pods-Crowds-frameworks-${CONFIGURATION}-output-files.xcfilelist",
			);
			runOnlyForDeploymentPostprocessing = 0;
			shellPath = /bin/sh;
			shellScript = "\"${PODS_ROOT}/Target Support Files/Pods-Crowds/Pods-Crowds-frameworks.sh\"\n";
			showEnvVarsInLog = 0;
		};
/* End PBXShellScriptBuildPhase section */

/* Begin PBXSourcesBuildPhase section */
		D7B573B325BCC961001B0F5A /* Sources */ = {
			isa = PBXSourcesBuildPhase;
			buildActionMask = 2147483647;
			files = (
				D7B573D525BCCC11001B0F5A /* MyDeviceViewController.swift in Sources */,
				D7B573BF25BCC961001B0F5A /* ViewController.swift in Sources */,
				D7B573BB25BCC961001B0F5A /* AppDelegate.swift in Sources */,
				D7B573D825BCCC29001B0F5A /* MapViewController.swift in Sources */,
				D7B573BD25BCC961001B0F5A /* SceneDelegate.swift in Sources */,
			);
			runOnlyForDeploymentPostprocessing = 0;
		};
/* End PBXSourcesBuildPhase section */

/* Begin PBXVariantGroup section */
		D7B573C025BCC961001B0F5A /* Main.storyboard */ = {
			isa = PBXVariantGroup;
			children = (
				D7B573C125BCC961001B0F5A /* Base */,
			);
			name = Main.storyboard;
			sourceTree = "<group>";
		};
		D7B573C525BCC963001B0F5A /* LaunchScreen.storyboard */ = {
			isa = PBXVariantGroup;
			children = (
				D7B573C625BCC963001B0F5A /* Base */,
			);
			name = LaunchScreen.storyboard;
			sourceTree = "<group>";
		};
/* End PBXVariantGroup section */

/* Begin XCBuildConfiguration section */
		D7B573C925BCC963001B0F5A /* Debug */ = {
			isa = XCBuildConfiguration;
			buildSettings = {
				ALWAYS_SEARCH_USER_PATHS = NO;
				CLANG_ANALYZER_NONNULL = YES;
				CLANG_ANALYZER_NUMBER_OBJECT_CONVERSION = YES_AGGRESSIVE;
				CLANG_CXX_LANGUAGE_STANDARD = "gnu++14";
				CLANG_CXX_LIBRARY = "libc++";
				CLANG_ENABLE_MODULES = YES;
				CLANG_ENABLE_OBJC_ARC = YES;
				CLANG_ENABLE_OBJC_WEAK = YES;
				CLANG_WARN_BLOCK_CAPTURE_AUTORELEASING = YES;
				CLANG_WARN_BOOL_CONVERSION = YES;
				CLANG_WARN_COMMA = YES;
				CLANG_WARN_CONSTANT_CONVERSION = YES;
				CLANG_WARN_DEPRECATED_OBJC_IMPLEMENTATIONS = YES;
				CLANG_WARN_DIRECT_OBJC_ISA_USAGE = YES_ERROR;
				CLANG_WARN_DOCUMENTATION_COMMENTS = YES;
				CLANG_WARN_EMPTY_BODY = YES;
				CLANG_WARN_ENUM_CONVERSION = YES;
				CLANG_WARN_INFINITE_RECURSION = YES;
				CLANG_WARN_INT_CONVERSION = YES;
				CLANG_WARN_NON_LITERAL_NULL_CONVERSION = YES;
				CLANG_WARN_OBJC_IMPLICIT_RETAIN_SELF = YES;
				CLANG_WARN_OBJC_LITERAL_CONVERSION = YES;
				CLANG_WARN_OBJC_ROOT_CLASS = YES_ERROR;
				CLANG_WARN_QUOTED_INCLUDE_IN_FRAMEWORK_HEADER = YES;
				CLANG_WARN_RANGE_LOOP_ANALYSIS = YES;
				CLANG_WARN_STRICT_PROTOTYPES = YES;
				CLANG_WARN_SUSPICIOUS_MOVE = YES;
				CLANG_WARN_UNGUARDED_AVAILABILITY = YES_AGGRESSIVE;
				CLANG_WARN_UNREACHABLE_CODE = YES;
				CLANG_WARN__DUPLICATE_METHOD_MATCH = YES;
				COPY_PHASE_STRIP = NO;
				DEBUG_INFORMATION_FORMAT = dwarf;
				ENABLE_STRICT_OBJC_MSGSEND = YES;
				ENABLE_TESTABILITY = YES;
				GCC_C_LANGUAGE_STANDARD = gnu11;
				GCC_DYNAMIC_NO_PIC = NO;
				GCC_NO_COMMON_BLOCKS = YES;
				GCC_OPTIMIZATION_LEVEL = 0;
				GCC_PREPROCESSOR_DEFINITIONS = (
					"DEBUG=1",
					"$(inherited)",
				);
				GCC_WARN_64_TO_32_BIT_CONVERSION = YES;
				GCC_WARN_ABOUT_RETURN_TYPE = YES_ERROR;
				GCC_WARN_UNDECLARED_SELECTOR = YES;
				GCC_WARN_UNINITIALIZED_AUTOS = YES_AGGRESSIVE;
				GCC_WARN_UNUSED_FUNCTION = YES;
				GCC_WARN_UNUSED_VARIABLE = YES;
				IPHONEOS_DEPLOYMENT_TARGET = 14.3;
				MTL_ENABLE_DEBUG_INFO = INCLUDE_SOURCE;
				MTL_FAST_MATH = YES;
				ONLY_ACTIVE_ARCH = YES;
				SDKROOT = iphoneos;
				SWIFT_ACTIVE_COMPILATION_CONDITIONS = DEBUG;
				SWIFT_OPTIMIZATION_LEVEL = "-Onone";
			};
			name = Debug;
		};
		D7B573CA25BCC963001B0F5A /* Release */ = {
			isa = XCBuildConfiguration;
			buildSettings = {
				ALWAYS_SEARCH_USER_PATHS = NO;
				CLANG_ANALYZER_NONNULL = YES;
				CLANG_ANALYZER_NUMBER_OBJECT_CONVERSION = YES_AGGRESSIVE;
				CLANG_CXX_LANGUAGE_STANDARD = "gnu++14";
				CLANG_CXX_LIBRARY = "libc++";
				CLANG_ENABLE_MODULES = YES;
				CLANG_ENABLE_OBJC_ARC = YES;
				CLANG_ENABLE_OBJC_WEAK = YES;
				CLANG_WARN_BLOCK_CAPTURE_AUTORELEASING = YES;
				CLANG_WARN_BOOL_CONVERSION = YES;
				CLANG_WARN_COMMA = YES;
				CLANG_WARN_CONSTANT_CONVERSION = YES;
				CLANG_WARN_DEPRECATED_OBJC_IMPLEMENTATIONS = YES;
				CLANG_WARN_DIRECT_OBJC_ISA_USAGE = YES_ERROR;
				CLANG_WARN_DOCUMENTATION_COMMENTS = YES;
				CLANG_WARN_EMPTY_BODY = YES;
				CLANG_WARN_ENUM_CONVERSION = YES;
				CLANG_WARN_INFINITE_RECURSION = YES;
				CLANG_WARN_INT_CONVERSION = YES;
				CLANG_WARN_NON_LITERAL_NULL_CONVERSION = YES;
				CLANG_WARN_OBJC_IMPLICIT_RETAIN_SELF = YES;
				CLANG_WARN_OBJC_LITERAL_CONVERSION = YES;
				CLANG_WARN_OBJC_ROOT_CLASS = YES_ERROR;
				CLANG_WARN_QUOTED_INCLUDE_IN_FRAMEWORK_HEADER = YES;
				CLANG_WARN_RANGE_LOOP_ANALYSIS = YES;
				CLANG_WARN_STRICT_PROTOTYPES = YES;
				CLANG_WARN_SUSPICIOUS_MOVE = YES;
				CLANG_WARN_UNGUARDED_AVAILABILITY = YES_AGGRESSIVE;
				CLANG_WARN_UNREACHABLE_CODE = YES;
				CLANG_WARN__DUPLICATE_METHOD_MATCH = YES;
				COPY_PHASE_STRIP = NO;
				DEBUG_INFORMATION_FORMAT = "dwarf-with-dsym";
				ENABLE_NS_ASSERTIONS = NO;
				ENABLE_STRICT_OBJC_MSGSEND = YES;
				GCC_C_LANGUAGE_STANDARD = gnu11;
				GCC_NO_COMMON_BLOCKS = YES;
				GCC_WARN_64_TO_32_BIT_CONVERSION = YES;
				GCC_WARN_ABOUT_RETURN_TYPE = YES_ERROR;
				GCC_WARN_UNDECLARED_SELECTOR = YES;
				GCC_WARN_UNINITIALIZED_AUTOS = YES_AGGRESSIVE;
				GCC_WARN_UNUSED_FUNCTION = YES;
				GCC_WARN_UNUSED_VARIABLE = YES;
				IPHONEOS_DEPLOYMENT_TARGET = 14.3;
				MTL_ENABLE_DEBUG_INFO = NO;
				MTL_FAST_MATH = YES;
				SDKROOT = iphoneos;
				SWIFT_COMPILATION_MODE = wholemodule;
				SWIFT_OPTIMIZATION_LEVEL = "-O";
				VALIDATE_PRODUCT = YES;
			};
			name = Release;
		};
		D7B573CC25BCC963001B0F5A /* Debug */ = {
			isa = XCBuildConfiguration;
			baseConfigurationReference = 3F2FD665C2921B78366F8ABD /* Pods-Crowds.debug.xcconfig */;
			buildSettings = {
				ASSETCATALOG_COMPILER_APPICON_NAME = AppIcon;
				ASSETCATALOG_COMPILER_GLOBAL_ACCENT_COLOR_NAME = AccentColor;
				CODE_SIGN_STYLE = Automatic;
				DEVELOPMENT_TEAM = QEJW2NUXDQ;
				INFOPLIST_FILE = Crowds/Info.plist;
				LD_RUNPATH_SEARCH_PATHS = (
					"$(inherited)",
					"@executable_path/Frameworks",
				);
				PRODUCT_BUNDLE_IDENTIFIER = com.crowds.Crowds;
				PRODUCT_NAME = "$(TARGET_NAME)";
				SWIFT_VERSION = 5.0;
				TARGETED_DEVICE_FAMILY = "1,2";
			};
			name = Debug;
		};
		D7B573CD25BCC963001B0F5A /* Release */ = {
			isa = XCBuildConfiguration;
			baseConfigurationReference = F1AEC68E94F46730C1496716 /* Pods-Crowds.release.xcconfig */;
			buildSettings = {
				ASSETCATALOG_COMPILER_APPICON_NAME = AppIcon;
				ASSETCATALOG_COMPILER_GLOBAL_ACCENT_COLOR_NAME = AccentColor;
				CODE_SIGN_STYLE = Automatic;
				DEVELOPMENT_TEAM = QEJW2NUXDQ;
				INFOPLIST_FILE = Crowds/Info.plist;
				LD_RUNPATH_SEARCH_PATHS = (
					"$(inherited)",
					"@executable_path/Frameworks",
				);
				PRODUCT_BUNDLE_IDENTIFIER = com.crowds.Crowds;
				PRODUCT_NAME = "$(TARGET_NAME)";
				SWIFT_VERSION = 5.0;
				TARGETED_DEVICE_FAMILY = "1,2";
			};
			name = Release;
		};
/* End XCBuildConfiguration section */

/* Begin XCConfigurationList section */
		D7B573B225BCC961001B0F5A /* Build configuration list for PBXProject "Crowds" */ = {
			isa = XCConfigurationList;
			buildConfigurations = (
				D7B573C925BCC963001B0F5A /* Debug */,
				D7B573CA25BCC963001B0F5A /* Release */,
			);
			defaultConfigurationIsVisible = 0;
			defaultConfigurationName = Release;
		};
		D7B573CB25BCC963001B0F5A /* Build configuration list for PBXNativeTarget "Crowds" */ = {
			isa = XCConfigurationList;
			buildConfigurations = (
				D7B573CC25BCC963001B0F5A /* Debug */,
				D7B573CD25BCC963001B0F5A /* Release */,
			);
			defaultConfigurationIsVisible = 0;
			defaultConfigurationName = Release;
		};
/* End XCConfigurationList section */
	};
	rootObject = D7B573AF25BCC961001B0F5A /* Project object */;
}
